# Generated by pub
# See https://dart.dev/tools/pub/glossary#lockfile
packages:
  formz:
    dependency: "direct main"
    description:
      name: formz
      sha256: a58eb48d84685b7ffafac1d143bf47d585bf54c7db89fe81c175dfd6e53201c7
      url: "https://pub.dev"
    source: hosted
    version: "0.7.0"
  meta:
    dependency: transitive
    description:
      name: meta
      sha256: "25dfcaf170a0190f47ca6355bdd4552cb8924b430512ff0cafb8db9bd41fe33b"
      url: "https://pub.dev"
    source: hosted
    version: "1.14.0"
sdks:
  dart: ">=3.3.3 <4.0.0"
